
Microsoft Visual Studio Solution File, Format Version 12.00
# Visual Studio Version 16
VisualStudioVersion = 16.0.30907.101
MinimumVisualStudioVersion = 10.0.40219.1
Project("{9A19103F-16F7-4668-BE54-9A1E7A4F7556}") = "DataAccess", "DataAccess\DataAccess.csproj", "{A1950AF5-D0AB-45C3-9B65-8843DE064D95}"
EndProject
Project("{9A19103F-16F7-4668-BE54-9A1E7A4F7556}") = "Business", "Business\Business.csproj", "{29BB651E-0ED3-46B9-B700-8FFA6CE9EF34}"
EndProject
Project("{9A19103F-16F7-4668-BE54-9A1E7A4F7556}") = "Entities", "Entities\Entities.csproj", "{B8CB7BEB-F081-4673-BC9A-F56DDD65EC9C}"
EndProject
Project("{9A19103F-16F7-4668-BE54-9A1E7A4F7556}") = "ConsoleUI", "ConsoleUI\ConsoleUI.csproj", "{D1911CAC-A9D9-4A8E-9CAE-866B0BE08F36}"
EndProject
Project("{9A19103F-16F7-4668-BE54-9A1E7A4F7556}") = "Core", "Core\Core.csproj", "{660288A3-540D-4147-9840-C79158B194D7}"
EndProject
Project("{FAE04EC0-301F-11D3-BF4B-00C04F79EFBC}") = "WebAPI", "WebAPI\WebAPI.csproj", "{14DCB493-160E-4CC5-849E-3FD045DFF2D5}"
EndProject
Global
	GlobalSection(SolutionConfigurationPlatforms) = preSolution
		Debug|Any CPU = Debug|Any CPU
		Release|Any CPU = Release|Any CPU
	EndGlobalSection
	GlobalSection(ProjectConfigurationPlatforms) = postSolution
		{A1950AF5-D0AB-45C3-9B65-8843DE064D95}.Debug|Any CPU.ActiveCfg = Debug|Any CPU
		{A1950AF5-D0AB-45C3-9B65-8843DE064D95}.Debug|Any CPU.Build.0 = Debug|Any CPU
		{A1950AF5-D0AB-45C3-9B65-8843DE064D95}.Release|Any CPU.ActiveCfg = Release|Any CPU
		{A1950AF5-D0AB-45C3-9B65-8843DE064D95}.Release|Any CPU.Build.0 = Release|Any CPU
		{29BB651E-0ED3-46B9-B700-8FFA6CE9EF34}.Debug|Any CPU.ActiveCfg = Debug|Any CPU
		{29BB651E-0ED3-46B9-B700-8FFA6CE9EF34}.Debug|Any CPU.Build.0 = Debug|Any CPU
		{29BB651E-0ED3-46B9-B700-8FFA6CE9EF34}.Release|Any CPU.ActiveCfg = Release|Any CPU
		{29BB651E-0ED3-46B9-B700-8FFA6CE9EF34}.Release|Any CPU.Build.0 = Release|Any CPU
		{B8CB7BEB-F081-4673-BC9A-F56DDD65EC9C}.Debug|Any CPU.ActiveCfg = Debug|Any CPU
		{B8CB7BEB-F081-4673-BC9A-F56DDD65EC9C}.Debug|Any CPU.Build.0 = Debug|Any CPU
		{B8CB7BEB-F081-4673-BC9A-F56DDD65EC9C}.Release|Any CPU.ActiveCfg = Release|Any CPU
		{B8CB7BEB-F081-4673-BC9A-F56DDD65EC9C}.Release|Any CPU.Build.0 = Release|Any CPU
		{D1911CAC-A9D9-4A8E-9CAE-866B0BE08F36}.Debug|Any CPU.ActiveCfg = Debug|Any CPU
		{D1911CAC-A9D9-4A8E-9CAE-866B0BE08F36}.Debug|Any CPU.Build.0 = Debug|Any CPU
		{D1911CAC-A9D9-4A8E-9CAE-866B0BE08F36}.Release|Any CPU.ActiveCfg = Release|Any CPU
		{D1911CAC-A9D9-4A8E-9CAE-866B0BE08F36}.Release|Any CPU.Build.0 = Release|Any CPU
		{660288A3-540D-4147-9840-C79158B194D7}.Debug|Any CPU.ActiveCfg = Debug|Any CPU
		{660288A3-540D-4147-9840-C79158B194D7}.Debug|Any CPU.Build.0 = Debug|Any CPU
		{660288A3-540D-4147-9840-C79158B194D7}.Release|Any CPU.ActiveCfg = Release|Any CPU
		{660288A3-540D-4147-9840-C79158B194D7}.Release|Any CPU.Build.0 = Release|Any CPU
		{14DCB493-160E-4CC5-849E-3FD045DFF2D5}.Debug|Any CPU.ActiveCfg = Debug|Any CPU
		{14DCB493-160E-4CC5-849E-3FD045DFF2D5}.Debug|Any CPU.Build.0 = Debug|Any CPU
		{14DCB493-160E-4CC5-849E-3FD045DFF2D5}.Release|Any CPU.ActiveCfg = Release|Any CPU
		{14DCB493-160E-4CC5-849E-3FD045DFF2D5}.Release|Any CPU.Build.0 = Release|Any CPU
	EndGlobalSection
	GlobalSection(SolutionProperties) = preSolution
		HideSolutionNode = FALSE
	EndGlobalSection
	GlobalSection(ExtensibilityGlobals) = postSolution
		SolutionGuid = {378D9CDD-3315-4FE4-9F9F-A275F4EB65DD}
	EndGlobalSection
EndGlobal
